
Microsoft Visual Studio Solution File, Format Version 12.00
# Visual Studio Version 17
VisualStudioVersion = 17.1.32104.313
MinimumVisualStudioVersion = 10.0.40219.1
Project("{FAE04EC0-301F-11D3-BF4B-00C04F79EFBC}") = "InsertGuid", "InsertGuid\InsertGuid.csproj", "{AC9E5CCC-F27C-4017-948E-F773F8EC1658}"
EndProject
Global
	GlobalSection(SolutionConfigurationPlatforms) = preSolution
		Debug|Any CPU = Debug|Any CPU
		Debug|x86 = Debug|x86
		Release|Any CPU = Release|Any CPU
		Release|x86 = Release|x86
	EndGlobalSection
	GlobalSection(ProjectConfigurationPlatforms) = postSolution
		{AC9E5CCC-F27C-4017-948E-F773F8EC1658}.Debug|Any CPU.ActiveCfg = Debug|Any CPU
		{AC9E5CCC-F27C-4017-948E-F773F8EC1658}.Debug|Any CPU.Build.0 = Debug|Any CPU
		{AC9E5CCC-F27C-4017-948E-F773F8EC1658}.Debug|x86.ActiveCfg = Debug|x86
		{AC9E5CCC-F27C-4017-948E-F773F8EC1658}.Debug|x86.Build.0 = Debug|x86
		{AC9E5CCC-F27C-4017-948E-F773F8EC1658}.Release|Any CPU.ActiveCfg = Release|Any CPU
		{AC9E5CCC-F27C-4017-948E-F773F8EC1658}.Release|Any CPU.Build.0 = Release|Any CPU
		{AC9E5CCC-F27C-4017-948E-F773F8EC1658}.Release|x86.ActiveCfg = Release|x86
		{AC9E5CCC-F27C-4017-948E-F773F8EC1658}.Release|x86.Build.0 = Release|x86
	EndGlobalSection
	GlobalSection(SolutionProperties) = preSolution
		HideSolutionNode = FALSE
	EndGlobalSection
	GlobalSection(ExtensibilityGlobals) = postSolution
		SolutionGuid = {8D7B6703-9937-4046-BD9B-8138EF81CDA9}
	EndGlobalSection
EndGlobal
